{
  "lockfileVersion": 1,
  "configVersion": 1,
  "workspaces": {
    "": {
      "name": "nota",
      "dependencies": {
        "@notionhq/client": "^5.9.0",
        "@tryfabric/martian": "^1.2.4",
        "commander": "^14.0.3",
        "notion-to-md": "^3.1.9",
      },
      "devDependencies": {
        "@types/bun": "latest",
      },
      "peerDependencies": {
        "typescript": "^5",
      },
    },
  },
  "packages": {
    "@notionhq/client": ["@notionhq/client@5.9.0", "", {}, "sha512-TvAVMfwtVv61hsPrRfB9ehgzSjX6DaAi1ZRAnpg8xFjzaXhzhEfbO0PhBRm3ecSv1azDuO2kBuyQHh2/z7G4YQ=="],

    "@tryfabric/martian": ["@tryfabric/martian@1.2.4", "", { "dependencies": { "@notionhq/client": "^1.0.4", "remark-gfm": "^1.0.0", "remark-math": "^4.0.0", "remark-parse": "^9.0.0", "unified": "^9.2.1" } }, "sha512-g7SP7beaxrjxLnW//vskra07a1jsJowqp07KMouxh4gCwaF+ItHbRZN8O+1dhJivBi3VdasT71BPyk+8wzEreQ=="],

    "@types/bun": ["@types/bun@1.3.9", "", { "dependencies": { "bun-types": "1.3.9" } }, "sha512-KQ571yULOdWJiMH+RIWIOZ7B2RXQGpL1YQrBtLIV3FqDcCu6FsbFUBwhdKUlCKUpS3PJDsHlJ1QKlpxoVR+xtw=="],

    "@types/mdast": ["@types/mdast@3.0.15", "", { "dependencies": { "@types/unist": "^2" } }, "sha512-LnwD+mUEfxWMa1QpDraczIn6k0Ee3SMicuYSSzS6ZYl2gKS09EClnJYGd8Du6rfc5r/GZEk5o1mRb8TaTj03sQ=="],

    "@types/node": ["@types/node@25.3.0", "", { "dependencies": { "undici-types": "~7.18.0" } }, "sha512-4K3bqJpXpqfg2XKGK9bpDTc6xO/xoUP/RBWS7AtRMug6zZFaRekiLzjVtAoZMquxoAbzBvy5nxQ7veS5eYzf8A=="],

    "@types/node-fetch": ["@types/node-fetch@2.6.13", "", { "dependencies": { "@types/node": "*", "form-data": "^4.0.4" } }, "sha512-QGpRVpzSaUs30JBSGPjOg4Uveu384erbHBoT1zeONvyCfwQxIkUshLAOqN/k9EjGviPRmWTTe6aH2qySWKTVSw=="],

    "@types/unist": ["@types/unist@2.0.11", "", {}, "sha512-CmBKiL6NNo/OqgmMn95Fk9Whlp2mtvIv+KNpQKN2F4SjvrEesubTRWGYSg+BnWZOnlCaSTU1sMpsBOzgbYhnsA=="],

    "asynckit": ["asynckit@0.4.0", "", {}, "sha512-Oei9OH4tRh0YqU3GxhX79dM/mwVgvbZJaSNaRk+bshkj0S5cfHcgYakreBjrHwatXKbz+IoIdYLxrKim2MjW0Q=="],

    "bail": ["bail@1.0.5", "", {}, "sha512-xFbRxM1tahm08yHBP16MMjVUAvDaBMD38zsM9EMAUN61omwLmKlOpB/Zku5QkjZ8TZ4vn53pj+t518cH0S03RQ=="],

    "bun-types": ["bun-types@1.3.9", "", { "dependencies": { "@types/node": "*" } }, "sha512-+UBWWOakIP4Tswh0Bt0QD0alpTY8cb5hvgiYeWCMet9YukHbzuruIEeXC2D7nMJPB12kbh8C7XJykSexEqGKJg=="],

    "call-bind-apply-helpers": ["call-bind-apply-helpers@1.0.2", "", { "dependencies": { "es-errors": "^1.3.0", "function-bind": "^1.1.2" } }, "sha512-Sp1ablJ0ivDkSzjcaJdxEunN5/XvksFJ2sMBFfq6x0ryhQV/2b/KwFe21cMpmHtPOSij8K99/wSfoEuTObmuMQ=="],

    "ccount": ["ccount@1.1.0", "", {}, "sha512-vlNK021QdI7PNeiUh/lKkC/mNHHfV0m/Ad5JoI0TYtlBnJAslM/JIkm/tGC88bkLIwO6OQ5uV6ztS6kVAtCDlg=="],

    "character-entities": ["character-entities@1.2.4", "", {}, "sha512-iBMyeEHxfVnIakwOuDXpVkc54HijNgCyQB2w0VfGQThle6NXn50zU6V/u+LDhxHcDUPojn6Kpga3PTAD8W1bQw=="],

    "character-entities-legacy": ["character-entities-legacy@1.1.4", "", {}, "sha512-3Xnr+7ZFS1uxeiUDvV02wQ+QDbc55o97tIV5zHScSPJpcLm/r0DFPcoY3tYRp+VZukxuMeKgXYmsXQHO05zQeA=="],

    "character-reference-invalid": ["character-reference-invalid@1.1.4", "", {}, "sha512-mKKUkUbhPpQlCOfIuZkvSEgktjPFIsZKRRbC6KWVEMvlzblj3i3asQv5ODsrwt0N3pHAEvjP8KTQPHkp0+6jOg=="],

    "combined-stream": ["combined-stream@1.0.8", "", { "dependencies": { "delayed-stream": "~1.0.0" } }, "sha512-FQN4MRfuJeHf7cBbBMJFXhKSDq+2kAArBlmRBvcvFE5BB1HZKXtSFASDhdlz9zOYwxh8lDdnvmMOe/+5cdoEdg=="],

    "commander": ["commander@14.0.3", "", {}, "sha512-H+y0Jo/T1RZ9qPP4Eh1pkcQcLRglraJaSLoyOtHxu6AapkjWVCy2Sit1QQ4x3Dng8qDlSsZEet7g5Pq06MvTgw=="],

    "debug": ["debug@4.4.3", "", { "dependencies": { "ms": "^2.1.3" } }, "sha512-RGwwWnwQvkVfavKVt22FGLw+xYSdzARwm0ru6DhTVA3umU5hZc28V3kO4stgYryrTlLpuvgI9GiijltAjNbcqA=="],

    "delayed-stream": ["delayed-stream@1.0.0", "", {}, "sha512-ZySD7Nf91aLB0RxL4KGrKHBXl7Eds1DAmEdcoVawXnLD7SDhpNgtuII2aAkg7a7QS41jxPSZ17p4VdGnMHk3MQ=="],

    "dunder-proto": ["dunder-proto@1.0.1", "", { "dependencies": { "call-bind-apply-helpers": "^1.0.1", "es-errors": "^1.3.0", "gopd": "^1.2.0" } }, "sha512-KIN/nDJBQRcXw0MLVhZE9iQHmG68qAVIBg9CqmUYjmQIhgij9U5MFvrqkUL5FbtyyzZuOeOt0zdeRe4UY7ct+A=="],

    "es-define-property": ["es-define-property@1.0.1", "", {}, "sha512-e3nRfgfUZ4rNGL232gUgX06QNyyez04KdjFrF+LTRoOXmrOgFKDg4BCdsjW8EnT69eqdYGmRpJwiPVYNrCaW3g=="],

    "es-errors": ["es-errors@1.3.0", "", {}, "sha512-Zf5H2Kxt2xjTvbJvP2ZWLEICxA6j+hAmMzIlypy4xcBg1vKVnx89Wy0GbS+kf5cwCVFFzdCFh2XSCFNULS6csw=="],

    "es-object-atoms": ["es-object-atoms@1.1.1", "", { "dependencies": { "es-errors": "^1.3.0" } }, "sha512-FGgH2h8zKNim9ljj7dankFPcICIK9Cp5bm+c2gQSYePhpaG5+esrLODihIorn+Pe6FGJzWhXQotPv73jTaldXA=="],

    "es-set-tostringtag": ["es-set-tostringtag@2.1.0", "", { "dependencies": { "es-errors": "^1.3.0", "get-intrinsic": "^1.2.6", "has-tostringtag": "^1.0.2", "hasown": "^2.0.2" } }, "sha512-j6vWzfrGVfyXxge+O0x5sh6cvxAog0a/4Rdd2K36zCMV5eJ+/+tOAngRO8cODMNWbVRdVlmGZQL2YS3yR8bIUA=="],

    "escape-string-regexp": ["escape-string-regexp@4.0.0", "", {}, "sha512-TtpcNJ3XAzx3Gq8sWRzJaVajRs0uVxA2YAkdb1jm2YkPz4G6egUFAyA3n5vtEIZefPk5Wa4UXbKuS5fKkJWdgA=="],

    "extend": ["extend@3.0.2", "", {}, "sha512-fjquC59cD7CyW6urNXK0FBufkZcoiGG80wTuPujX590cB5Ttln20E2UB4S/WARVqhXffZl2LNgS+gQdPIIim/g=="],

    "form-data": ["form-data@4.0.5", "", { "dependencies": { "asynckit": "^0.4.0", "combined-stream": "^1.0.8", "es-set-tostringtag": "^2.1.0", "hasown": "^2.0.2", "mime-types": "^2.1.12" } }, "sha512-8RipRLol37bNs2bhoV67fiTEvdTrbMUYcFTiy3+wuuOnUog2QBHCZWXDRijWQfAkhBj2Uf5UnVaiWwA5vdd82w=="],

    "function-bind": ["function-bind@1.1.2", "", {}, "sha512-7XHNxH7qX9xG5mIwxkhumTox/MIRNcOgDrxWsMt2pAr23WHp6MrRlN7FBSFpCpr+oVO0F744iUgR82nJMfG2SA=="],

    "get-intrinsic": ["get-intrinsic@1.3.0", "", { "dependencies": { "call-bind-apply-helpers": "^1.0.2", "es-define-property": "^1.0.1", "es-errors": "^1.3.0", "es-object-atoms": "^1.1.1", "function-bind": "^1.1.2", "get-proto": "^1.0.1", "gopd": "^1.2.0", "has-symbols": "^1.1.0", "hasown": "^2.0.2", "math-intrinsics": "^1.1.0" } }, "sha512-9fSjSaos/fRIVIp+xSJlE6lfwhES7LNtKaCBIamHsjr2na1BiABJPo0mOjjz8GJDURarmCPGqaiVg5mfjb98CQ=="],

    "get-proto": ["get-proto@1.0.1", "", { "dependencies": { "dunder-proto": "^1.0.1", "es-object-atoms": "^1.0.0" } }, "sha512-sTSfBjoXBp89JvIKIefqw7U2CCebsc74kiY6awiGogKtoSGbgjYE/G/+l9sF3MWFPNc9IcoOC4ODfKHfxFmp0g=="],

    "gopd": ["gopd@1.2.0", "", {}, "sha512-ZUKRh6/kUFoAiTAtTYPZJ3hw9wNxx+BIBOijnlG9PnrJsCcSjs1wyyD6vJpaYtgnzDrKYRSqf3OO6Rfa93xsRg=="],

    "has-symbols": ["has-symbols@1.1.0", "", {}, "sha512-1cDNdwJ2Jaohmb3sg4OmKaMBwuC48sYni5HUw2DvsC8LjGTLK9h+eb1X6RyuOHe4hT0ULCW68iomhjUoKUqlPQ=="],

    "has-tostringtag": ["has-tostringtag@1.0.2", "", { "dependencies": { "has-symbols": "^1.0.3" } }, "sha512-NqADB8VjPFLM2V0VvHUewwwsw0ZWBaIdgo+ieHtK3hasLz4qeCRjYcqfB6AQrBggRKppKF8L52/VqdVsO47Dlw=="],

    "hasown": ["hasown@2.0.2", "", { "dependencies": { "function-bind": "^1.1.2" } }, "sha512-0hJU9SCPvmMzIBdZFqNPXWa6dqh7WdH0cII9y+CyS8rG3nL48Bclra9HmKhVVUHyPWNH5Y7xDwAB7bfgSjkUMQ=="],

    "is-alphabetical": ["is-alphabetical@1.0.4", "", {}, "sha512-DwzsA04LQ10FHTZuL0/grVDk4rFoVH1pjAToYwBrHSxcrBIGQuXrQMtD5U1b0U2XVgKZCTLLP8u2Qxqhy3l2Vg=="],

    "is-alphanumerical": ["is-alphanumerical@1.0.4", "", { "dependencies": { "is-alphabetical": "^1.0.0", "is-decimal": "^1.0.0" } }, "sha512-UzoZUr+XfVz3t3v4KyGEniVL9BDRoQtY7tOyrRybkVNjDFWyo1yhXNGrrBTQxp3ib9BLAWs7k2YKBQsFRkZG9A=="],

    "is-buffer": ["is-buffer@2.0.5", "", {}, "sha512-i2R6zNFDwgEHJyQUtJEk0XFi1i0dPFn/oqjK3/vPCcDeJvW5NQ83V8QbicfF1SupOaB0h8ntgBC2YiE7dfyctQ=="],

    "is-decimal": ["is-decimal@1.0.4", "", {}, "sha512-RGdriMmQQvZ2aqaQq3awNA6dCGtKpiDFcOzrTWrDAT2MiWrKQVPmxLGHl7Y2nNu6led0kEyoX0enY0qXYsv9zw=="],

    "is-hexadecimal": ["is-hexadecimal@1.0.4", "", {}, "sha512-gyPJuv83bHMpocVYoqof5VDiZveEoGoFL8m3BXNb2VW8Xs+rz9kqO8LOQ5DH6EsuvilT1ApazU0pyl+ytbPtlw=="],

    "is-plain-obj": ["is-plain-obj@2.1.0", "", {}, "sha512-YWnfyRwxL/+SsrWYfOpUtz5b3YD+nyfkHvjbcanzk8zgyO4ASD67uVMRt8k5bM4lLMDnXfriRhOpemw+NfT1eA=="],

    "katex": ["katex@0.12.0", "", { "dependencies": { "commander": "^2.19.0" }, "bin": { "katex": "cli.js" } }, "sha512-y+8btoc/CK70XqcHqjxiGWBOeIL8upbS0peTPXTvgrh21n1RiWWcIpSWM+4uXq+IAgNh9YYQWdc7LVDPDAEEAg=="],

    "longest-streak": ["longest-streak@2.0.4", "", {}, "sha512-vM6rUVCVUJJt33bnmHiZEvr7wPT78ztX7rojL+LW51bHtLh6HTjx84LA5W4+oa6aKEJA7jJu5LR6vQRBpA5DVg=="],

    "markdown-table": ["markdown-table@2.0.0", "", { "dependencies": { "repeat-string": "^1.0.0" } }, "sha512-Ezda85ToJUBhM6WGaG6veasyym+Tbs3cMAw/ZhOPqXiYsr0jgocBV3j3nx+4lk47plLlIqjwuTm/ywVI+zjJ/A=="],

    "math-intrinsics": ["math-intrinsics@1.1.0", "", {}, "sha512-/IXtbwEk5HTPyEwyKX6hGkYXxM9nbj64B+ilVJnC/R6B0pH5G4V3b0pVbL7DBj4tkhBAppbQUlf6F6Xl9LHu1g=="],

    "mdast-util-find-and-replace": ["mdast-util-find-and-replace@1.1.1", "", { "dependencies": { "escape-string-regexp": "^4.0.0", "unist-util-is": "^4.0.0", "unist-util-visit-parents": "^3.0.0" } }, "sha512-9cKl33Y21lyckGzpSmEQnIDjEfeeWelN5s1kUW1LwdB0Fkuq2u+4GdqcGEygYxJE8GVqCl0741bYXHgamfWAZA=="],

    "mdast-util-from-markdown": ["mdast-util-from-markdown@0.8.5", "", { "dependencies": { "@types/mdast": "^3.0.0", "mdast-util-to-string": "^2.0.0", "micromark": "~2.11.0", "parse-entities": "^2.0.0", "unist-util-stringify-position": "^2.0.0" } }, "sha512-2hkTXtYYnr+NubD/g6KGBS/0mFmBcifAsI0yIWRiRo0PjVs6SSOSOdtzbp6kSGnShDN6G5aWZpKQ2lWRy27mWQ=="],

    "mdast-util-gfm": ["mdast-util-gfm@0.1.2", "", { "dependencies": { "mdast-util-gfm-autolink-literal": "^0.1.0", "mdast-util-gfm-strikethrough": "^0.2.0", "mdast-util-gfm-table": "^0.1.0", "mdast-util-gfm-task-list-item": "^0.1.0", "mdast-util-to-markdown": "^0.6.1" } }, "sha512-NNkhDx/qYcuOWB7xHUGWZYVXvjPFFd6afg6/e2g+SV4r9q5XUcCbV4Wfa3DLYIiD+xAEZc6K4MGaE/m0KDcPwQ=="],

    "mdast-util-gfm-autolink-literal": ["mdast-util-gfm-autolink-literal@0.1.3", "", { "dependencies": { "ccount": "^1.0.0", "mdast-util-find-and-replace": "^1.1.0", "micromark": "^2.11.3" } }, "sha512-GjmLjWrXg1wqMIO9+ZsRik/s7PLwTaeCHVB7vRxUwLntZc8mzmTsLVr6HW1yLokcnhfURsn5zmSVdi3/xWWu1A=="],

    "mdast-util-gfm-strikethrough": ["mdast-util-gfm-strikethrough@0.2.3", "", { "dependencies": { "mdast-util-to-markdown": "^0.6.0" } }, "sha512-5OQLXpt6qdbttcDG/UxYY7Yjj3e8P7X16LzvpX8pIQPYJ/C2Z1qFGMmcw+1PZMUM3Z8wt8NRfYTvCni93mgsgA=="],

    "mdast-util-gfm-table": ["mdast-util-gfm-table@0.1.6", "", { "dependencies": { "markdown-table": "^2.0.0", "mdast-util-to-markdown": "~0.6.0" } }, "sha512-j4yDxQ66AJSBwGkbpFEp9uG/LS1tZV3P33fN1gkyRB2LoRL+RR3f76m0HPHaby6F4Z5xr9Fv1URmATlRRUIpRQ=="],

    "mdast-util-gfm-task-list-item": ["mdast-util-gfm-task-list-item@0.1.6", "", { "dependencies": { "mdast-util-to-markdown": "~0.6.0" } }, "sha512-/d51FFIfPsSmCIRNp7E6pozM9z1GYPIkSy1urQ8s/o4TC22BZ7DqfHFWiqBD23bc7J3vV1Fc9O4QIHBlfuit8A=="],

    "mdast-util-math": ["mdast-util-math@0.1.2", "", { "dependencies": { "longest-streak": "^2.0.0", "mdast-util-to-markdown": "^0.6.0", "repeat-string": "^1.0.0" } }, "sha512-fogAitds+wH+QRas78Yr1TwmQGN4cW/G2WRw5ePuNoJbBSPJCxIOCE8MTzHgWHVSpgkRaPQTgfzXRE1CrwWSlg=="],

    "mdast-util-to-markdown": ["mdast-util-to-markdown@0.6.5", "", { "dependencies": { "@types/unist": "^2.0.0", "longest-streak": "^2.0.0", "mdast-util-to-string": "^2.0.0", "parse-entities": "^2.0.0", "repeat-string": "^1.0.0", "zwitch": "^1.0.0" } }, "sha512-XeV9sDE7ZlOQvs45C9UKMtfTcctcaj/pGwH8YLbMHoMOXNNCn2LsqVQOqrF1+/NU8lKDAqozme9SCXWyo9oAcQ=="],

    "mdast-util-to-string": ["mdast-util-to-string@2.0.0", "", {}, "sha512-AW4DRS3QbBayY/jJmD8437V1Gombjf8RSOUCMFBuo5iHi58AGEgVCKQ+ezHkZZDpAQS75hcBMpLqjpJTjtUL7w=="],

    "micromark": ["micromark@2.11.4", "", { "dependencies": { "debug": "^4.0.0", "parse-entities": "^2.0.0" } }, "sha512-+WoovN/ppKolQOFIAajxi7Lu9kInbPxFuTBVEavFcL8eAfVstoc5MocPmqBeAdBOJV00uaVjegzH4+MA0DN/uA=="],

    "micromark-extension-gfm": ["micromark-extension-gfm@0.3.3", "", { "dependencies": { "micromark": "~2.11.0", "micromark-extension-gfm-autolink-literal": "~0.5.0", "micromark-extension-gfm-strikethrough": "~0.6.5", "micromark-extension-gfm-table": "~0.4.0", "micromark-extension-gfm-tagfilter": "~0.3.0", "micromark-extension-gfm-task-list-item": "~0.3.0" } }, "sha512-oVN4zv5/tAIA+l3GbMi7lWeYpJ14oQyJ3uEim20ktYFAcfX1x3LNlFGGlmrZHt7u9YlKExmyJdDGaTt6cMSR/A=="],

    "micromark-extension-gfm-autolink-literal": ["micromark-extension-gfm-autolink-literal@0.5.7", "", { "dependencies": { "micromark": "~2.11.3" } }, "sha512-ePiDGH0/lhcngCe8FtH4ARFoxKTUelMp4L7Gg2pujYD5CSMb9PbblnyL+AAMud/SNMyusbS2XDSiPIRcQoNFAw=="],

    "micromark-extension-gfm-strikethrough": ["micromark-extension-gfm-strikethrough@0.6.5", "", { "dependencies": { "micromark": "~2.11.0" } }, "sha512-PpOKlgokpQRwUesRwWEp+fHjGGkZEejj83k9gU5iXCbDG+XBA92BqnRKYJdfqfkrRcZRgGuPuXb7DaK/DmxOhw=="],

    "micromark-extension-gfm-table": ["micromark-extension-gfm-table@0.4.3", "", { "dependencies": { "micromark": "~2.11.0" } }, "sha512-hVGvESPq0fk6ALWtomcwmgLvH8ZSVpcPjzi0AjPclB9FsVRgMtGZkUcpE0zgjOCFAznKepF4z3hX8z6e3HODdA=="],

    "micromark-extension-gfm-tagfilter": ["micromark-extension-gfm-tagfilter@0.3.0", "", {}, "sha512-9GU0xBatryXifL//FJH+tAZ6i240xQuFrSL7mYi8f4oZSbc+NvXjkrHemeYP0+L4ZUT+Ptz3b95zhUZnMtoi/Q=="],

    "micromark-extension-gfm-task-list-item": ["micromark-extension-gfm-task-list-item@0.3.3", "", { "dependencies": { "micromark": "~2.11.0" } }, "sha512-0zvM5iSLKrc/NQl84pZSjGo66aTGd57C1idmlWmE87lkMcXrTxg1uXa/nXomxJytoje9trP0NDLvw4bZ/Z/XCQ=="],

    "micromark-extension-math": ["micromark-extension-math@0.1.2", "", { "dependencies": { "katex": "^0.12.0", "micromark": "~2.11.0" } }, "sha512-ZJXsT2eVPM8VTmcw0CPSDeyonOn9SziGK3Z+nkf9Vb6xMPeU+4JMEnO6vzDL10562Favw8Vste74f54rxJ/i6Q=="],

    "mime-db": ["mime-db@1.52.0", "", {}, "sha512-sPU4uV7dYlvtWJxwwxHD0PuihVNiE7TyAbQ5SWxDCB9mUYvOgroQOwYQQOKPJ8CIbE+1ETVlOoK1UC2nU3gYvg=="],

    "mime-types": ["mime-types@2.1.35", "", { "dependencies": { "mime-db": "1.52.0" } }, "sha512-ZDY+bPm5zTTF+YpCrAU9nK0UgICYPT0QtT1NZWFv4s++TNkcgVaT0g6+4R2uI4MjQjzysHB1zxuWL50hzaeXiw=="],

    "ms": ["ms@2.1.3", "", {}, "sha512-6FlzubTLZG3J2a/NVCAleEhjzq5oxgHyaCU9yYXvcLsvoVaHJq/s5xXI6/XXP6tz7R9xAOtHnSO/tXtF3WRTlA=="],

    "node-fetch": ["node-fetch@2.7.0", "", { "dependencies": { "whatwg-url": "^5.0.0" }, "peerDependencies": { "encoding": "^0.1.0" }, "optionalPeers": ["encoding"] }, "sha512-c4FRfUm/dbcWZ7U+1Wq0AwCyFL+3nt2bEw05wfxSz+DWpWsitgmSgYmy2dQdWyKC1694ELPqMs/YzUSNozLt8A=="],

    "notion-to-md": ["notion-to-md@3.1.9", "", { "dependencies": { "markdown-table": "^2.0.0", "node-fetch": "2" } }, "sha512-SsYhhigh+jOv06QOiFynOQATPMl96CspWDIL3Q5klzp4eaZ1dYaPI3ELoly80G1K0jf730u3ItvfwskzPKK41g=="],

    "parse-entities": ["parse-entities@2.0.0", "", { "dependencies": { "character-entities": "^1.0.0", "character-entities-legacy": "^1.0.0", "character-reference-invalid": "^1.0.0", "is-alphanumerical": "^1.0.0", "is-decimal": "^1.0.0", "is-hexadecimal": "^1.0.0" } }, "sha512-kkywGpCcRYhqQIchaWqZ875wzpS/bMKhz5HnN3p7wveJTkTtyAB/AlnS0f8DFSqYW1T82t6yEAkEcB+A1I3MbQ=="],

    "remark-gfm": ["remark-gfm@1.0.0", "", { "dependencies": { "mdast-util-gfm": "^0.1.0", "micromark-extension-gfm": "^0.3.0" } }, "sha512-KfexHJCiqvrdBZVbQ6RopMZGwaXz6wFJEfByIuEwGf0arvITHjiKKZ1dpXujjH9KZdm1//XJQwgfnJ3lmXaDPA=="],

    "remark-math": ["remark-math@4.0.0", "", { "dependencies": { "mdast-util-math": "^0.1.0", "micromark-extension-math": "^0.1.0" } }, "sha512-lH7SoQenXtQrvL0bm+mjZbvOk//YWNuyR+MxV18Qyv8rgFmMEGNuB0TSCQDkoDaiJ40FCnG8lxErc/zhcedYbw=="],

    "remark-parse": ["remark-parse@9.0.0", "", { "dependencies": { "mdast-util-from-markdown": "^0.8.0" } }, "sha512-geKatMwSzEXKHuzBNU1z676sGcDcFoChMK38TgdHJNAYfFtsfHDQG7MoJAjs6sgYMqyLduCYWDIWZIxiPeafEw=="],

    "repeat-string": ["repeat-string@1.6.1", "", {}, "sha512-PV0dzCYDNfRi1jCDbJzpW7jNNDRuCOG/jI5ctQcGKt/clZD+YcPS3yIlWuTJMmESC8aevCFmWJy5wjAFgNqN6w=="],

    "tr46": ["tr46@0.0.3", "", {}, "sha512-N3WMsuqV66lT30CrXNbEjx4GEwlow3v6rr4mCcv6prnfwhS01rkgyFdjPNBYd9br7LpXV1+Emh01fHnq2Gdgrw=="],

    "trough": ["trough@1.0.5", "", {}, "sha512-rvuRbTarPXmMb79SmzEp8aqXNKcK+y0XaB298IXueQ8I2PsrATcPBCSPyK/dDNa2iWOhKlfNnOjdAOTBU/nkFA=="],

    "typescript": ["typescript@5.9.3", "", { "bin": { "tsc": "bin/tsc", "tsserver": "bin/tsserver" } }, "sha512-jl1vZzPDinLr9eUt3J/t7V6FgNEw9QjvBPdysz9KfQDD41fQrC2Y4vKQdiaUpFT4bXlb1RHhLpp8wtm6M5TgSw=="],

    "undici-types": ["undici-types@7.18.2", "", {}, "sha512-AsuCzffGHJybSaRrmr5eHr81mwJU3kjw6M+uprWvCXiNeN9SOGwQ3Jn8jb8m3Z6izVgknn1R0FTCEAP2QrLY/w=="],

    "unified": ["unified@9.2.2", "", { "dependencies": { "bail": "^1.0.0", "extend": "^3.0.0", "is-buffer": "^2.0.0", "is-plain-obj": "^2.0.0", "trough": "^1.0.0", "vfile": "^4.0.0" } }, "sha512-Sg7j110mtefBD+qunSLO1lqOEKdrwBFBrR6Qd8f4uwkhWNlbkaqwHse6e7QvD3AP/MNoJdEDLaf8OxYyoWgorQ=="],

    "unist-util-is": ["unist-util-is@4.1.0", "", {}, "sha512-ZOQSsnce92GrxSqlnEEseX0gi7GH9zTJZ0p9dtu87WRb/37mMPO2Ilx1s/t9vBHrFhbgweUwb+t7cIn5dxPhZg=="],

    "unist-util-stringify-position": ["unist-util-stringify-position@2.0.3", "", { "dependencies": { "@types/unist": "^2.0.2" } }, "sha512-3faScn5I+hy9VleOq/qNbAd6pAx7iH5jYBMS9I1HgQVijz/4mv5Bvw5iw1sC/90CODiKo81G/ps8AJrISn687g=="],

    "unist-util-visit-parents": ["unist-util-visit-parents@3.1.1", "", { "dependencies": { "@types/unist": "^2.0.0", "unist-util-is": "^4.0.0" } }, "sha512-1KROIZWo6bcMrZEwiH2UrXDyalAa0uqzWCxCJj6lPOvTve2WkfgCytoDTPaMnodXh1WrXOq0haVYHj99ynJlsg=="],

    "vfile": ["vfile@4.2.1", "", { "dependencies": { "@types/unist": "^2.0.0", "is-buffer": "^2.0.0", "unist-util-stringify-position": "^2.0.0", "vfile-message": "^2.0.0" } }, "sha512-O6AE4OskCG5S1emQ/4gl8zK586RqA3srz3nfK/Viy0UPToBc5Trp9BVFb1u0CjsKrAWwnpr4ifM/KBXPWwJbCA=="],

    "vfile-message": ["vfile-message@2.0.4", "", { "dependencies": { "@types/unist": "^2.0.0", "unist-util-stringify-position": "^2.0.0" } }, "sha512-DjssxRGkMvifUOJre00juHoP9DPWuzjxKuMDrhNbk2TdaYYBNMStsNhEOt3idrtI12VQYM/1+iM0KOzXi4pxwQ=="],

    "webidl-conversions": ["webidl-conversions@3.0.1", "", {}, "sha512-2JAn3z8AR6rjK8Sm8orRC0h/bcl/DqL7tRPdGZ4I1CjdF+EaMLmYxBHyXuKL849eucPFhvBoxMsflfOb8kxaeQ=="],

    "whatwg-url": ["whatwg-url@5.0.0", "", { "dependencies": { "tr46": "~0.0.3", "webidl-conversions": "^3.0.0" } }, "sha512-saE57nupxk6v3HY35+jzBwYa0rKSy0XR8JSxZPwgLr7ys0IBzhGviA1/TUGJLmSVqs8pb9AnvICXEuOHLprYTw=="],

    "zwitch": ["zwitch@1.0.5", "", {}, "sha512-V50KMwwzqJV0NpZIZFwfOD5/lyny3WlSzRiXgA0G7VUnRlqttta1L6UQIHzd6EuBY/cHGfwTIck7w1yH6Q5zUw=="],

    "@tryfabric/martian/@notionhq/client": ["@notionhq/client@1.0.4", "", { "dependencies": { "@types/node-fetch": "^2.5.10", "node-fetch": "^2.6.1" } }, "sha512-m7zZ5l3RUktayf1lRBV1XMb8HSKsmWTv/LZPqP7UGC1NMzOlc+bbTOPNQ4CP/c1P4cP61VWLb/zBq7a3c0nMaw=="],

    "katex/commander": ["commander@2.20.3", "", {}, "sha512-GpVkmM8vF2vQUkj2LvZmD35JxeJOLCwJ9cUkugyk2nuhbv3+mJvpLYYt+0+USMxE+oj+ey/lJEnhZw75x/OMcQ=="],
  }
}
